
Microsoft Visual Studio Solution File, Format Version 12.00
# Visual Studio Version 17
VisualStudioVersion = 17.3.32819.101
MinimumVisualStudioVersion = 10.0.40219.1
Project("{9A19103F-16F7-4668-BE54-9A1E7A4F7556}") = "TalkingCardAPI", "TalkingCardAPI.csproj", "{B8F65ADE-47C0-4ABB-B56F-46FE1BB585E4}"
EndProject
Global
	GlobalSection(SolutionConfigurationPlatforms) = preSolution
		Debug|Any CPU = Debug|Any CPU
		Release|Any CPU = Release|Any CPU
	EndGlobalSection
	GlobalSection(ProjectConfigurationPlatforms) = postSolution
		{B8F65ADE-47C0-4ABB-B56F-46FE1BB585E4}.Debug|Any CPU.ActiveCfg = Debug|Any CPU
		{B8F65ADE-47C0-4ABB-B56F-46FE1BB585E4}.Debug|Any CPU.Build.0 = Debug|Any CPU
		{B8F65ADE-47C0-4ABB-B56F-46FE1BB585E4}.Release|Any CPU.ActiveCfg = Release|Any CPU
		{B8F65ADE-47C0-4ABB-B56F-46FE1BB585E4}.Release|Any CPU.Build.0 = Release|Any CPU
	EndGlobalSection
	GlobalSection(SolutionProperties) = preSolution
		HideSolutionNode = FALSE
	EndGlobalSection
	GlobalSection(ExtensibilityGlobals) = postSolution
		SolutionGuid = {F8FC19F9-6F03-43CE-93D0-9927769CBFAC}
	EndGlobalSection
EndGlobal
